github.com/go-ruby-did-you-mean/did-you-mean v0.0.0-20260629152232-d6815db959e9 h1:6chWND+L2l7xqFlGUfv732oUBBOVs8WsMvKt8z7HJBE=
github.com/go-ruby-did-you-mean/did-you-mean v0.0.0-20260629152232-d6815db959e9/go.mod h1:8I30lj4s9N0MCztmdJdCyMRCfK5xBBQiWHUwgnK3pIY=
github.com/go-ruby-did-you-mean/did-you-mean v0.0.0-20260717063932-c1bcb7f2c2eb h1:crX81ozdc3NB/fUCoyVjNLt/HKE0BiTCyHI2jUtxYdg=
github.com/go-ruby-did-you-mean/did-you-mean v0.0.0-20260717063932-c1bcb7f2c2eb/go.mod h1:8I30lj4s9N0MCztmdJdCyMRCfK5xBBQiWHUwgnK3pIY=
github.com/go-ruby-did-you-mean/did-you-mean v0.0.0-20260916092307-ddd074d76c3c h1:NSRJ7aPt1+FcTQFToesKCl/rzyL3QdynhvzKaHvGwZQ=
github.com/go-ruby-did-you-mean/did-you-mean v0.0.0-20260916092307-ddd074d76c3c/go.mod h1:8I30lj4s9N0MCztmdJdCyMRCfK5xBBQiWHUwgnK3pIY=
github.com/go-ruby-did-you-mean/did-you-mean v0.0.0-20261010104611-cf32ac484a6f h1:RsSXefxG1horP5QzcpmVqn9Lmnq4xusXEcKmPsGxyCI=
github.com/go-ruby-did-you-mean/did-you-mean v0.0.0-20261010104611-cf32ac484a6f/go.mod h1:wpf2Prq+DRWEr1WDtkFBFfgKpfrLC7nBzUEW7Q2GMFg=
